
Microsoft Visual Studio Solution File, Format Version 12.00
# Visual Studio 15
Project("{FAE04EC0-301F-11D3-BF4B-00C04F79EFBC}") = "Block20180523b", "Block20180523b.csproj", "{2B400F7A-DE26-D090-ED81-D3433CA70FED}"
EndProject
Global
	GlobalSection(SolutionConfigurationPlatforms) = preSolution
		Debug|Any CPU = Debug|Any CPU
		Release|Any CPU = Release|Any CPU
	EndGlobalSection
	GlobalSection(ProjectConfigurationPlatforms) = postSolution
		{2B400F7A-DE26-D090-ED81-D3433CA70FED}.Debug|Any CPU.ActiveCfg = Debug|Any CPU
		{2B400F7A-DE26-D090-ED81-D3433CA70FED}.Debug|Any CPU.Build.0 = Debug|Any CPU
		{2B400F7A-DE26-D090-ED81-D3433CA70FED}.Release|Any CPU.ActiveCfg = Release|Any CPU
		{2B400F7A-DE26-D090-ED81-D3433CA70FED}.Release|Any CPU.Build.0 = Release|Any CPU
	EndGlobalSection
	GlobalSection(SolutionProperties) = preSolution
		HideSolutionNode = FALSE
	EndGlobalSection
EndGlobal
